// !$*UTF8*$!
{
	archiveVersion = 1;
	classes = {
	};
	objectVersion = 46;
	objects = {

/* Begin PBXBuildFile section */
		60D60753197C42E600A4DE1D /* Foundation.framework in Frameworks */ = {isa = PBXBuildFile; fileRef = 60D60752197C42E600A4DE1D /* Foundation.framework */; };
		60D60755197C42E600A4DE1D /* CoreGraphics.framework in Frameworks */ = {isa = PBXBuildFile; fileRef = 60D60754197C42E600A4DE1D /* CoreGraphics.framework */; };
		60D60757197C42E600A4DE1D /* UIKit.framework in Frameworks */ = {isa = PBXBuildFile; fileRef = 60D60756197C42E600A4DE1D /* UIKit.framework */; };
		60D6075D197C42E600A4DE1D /* InfoPlist.strings in Resources */ = {isa = PBXBuildFile; fileRef = 60D6075B197C42E600A4DE1D /* InfoPlist.strings */; };
		60D6075F197C42E600A4DE1D /* main.m in Sources */ = {isa = PBXBuildFile; fileRef = 60D6075E197C42E600A4DE1D /* main.m */; };
		60D60763197C42E600A4DE1D /* LPAAppDelegate.m in Sources */ = {isa = PBXBuildFile; fileRef = 60D60762197C42E600A4DE1D /* LPAAppDelegate.m */; };
		60D60766197C42E600A4DE1D /* Main.storyboard in Resources */ = {isa = PBXBuildFile; fileRef = 60D60764197C42E600A4DE1D /* Main.storyboard */; };
		60D60769197C42E600A4DE1D /* LPAViewController.m in Sources */ = {isa = PBXBuildFile; fileRef = 60D60768197C42E600A4DE1D /* LPAViewController.m */; };
		60D6076B197C42E600A4DE1D /* Images.xcassets in Resources */ = {isa = PBXBuildFile; fileRef = 60D6076A197C42E600A4DE1D /* Images.xcassets */; };
		60D60772197C42E700A4DE1D /* XCTest.framework in Frameworks */ = {isa = PBXBuildFile; fileRef = 60D60771197C42E700A4DE1D /* XCTest.framework */; };
		60D60773197C42E700A4DE1D /* Foundation.framework in Frameworks */ = {isa = PBXBuildFile; fileRef = 60D60752197C42E600A4DE1D /* Foundation.framework */; };
		60D60774197C42E700A4DE1D /* UIKit.framework in Frameworks */ = {isa = PBXBuildFile; fileRef = 60D60756197C42E600A4DE1D /* UIKit.framework */; };
/* End PBXBuildFile section */

/* Begin PBXContainerItemProxy section */
		60D60775197C42E700A4DE1D /* PBXContainerItemProxy */ = {
			isa = PBXContainerItemProxy;
			containerPortal = 60D60747197C42E600A4DE1D /* Project object */;
			proxyType = 1;
			remoteGlobalIDString = 60D6074E197C42E600A4DE1D;
			remoteInfo = Autolayout;
		};
/* End PBXContainerItemProxy section */

/* Begin PBXFileReference section */
		60D6074F197C42E600A4DE1D /* Autolayout.app */ = {isa = PBXFileReference; explicitFileType = wrapper.application; includeInIndex = 0; path = Autolayout.app; sourceTree = BUILT_PRODUCTS_DIR; };
		60D60752197C42E600A4DE1D /* Foundation.framework */ = {isa = PBXFileReference; lastKnownFileType = wrapper.framework; name = Foundation.framework; path = System/Library/Frameworks/Foundation.framework; sourceTree = SDKROOT; };
		60D60754197C42E600A4DE1D /* CoreGraphics.framework */ = {isa = PBXFileReference; lastKnownFileType = wrapper.framework; name = CoreGraphics.framework; path = System/Library/Frameworks/CoreGraphics.framework; sourceTree = SDKROOT; };
		60D60756197C42E600A4DE1D /* UIKit.framework */ = {isa = PBXFileReference; lastKnownFileType = wrapper.framework; name = UIKit.framework; path = System/Library/Frameworks/UIKit.framework; sourceTree = SDKROOT; };
		60D6075A197C42E600A4DE1D /* Autolayout-Info.plist */ = {isa = PBXFileReference; lastKnownFileType = text.plist.xml; path = "Autolayout-Info.plist"; sourceTree = "<group>"; };
		60D6075C197C42E600A4DE1D /* en */ = {isa = PBXFileReference; lastKnownFileType = text.plist.strings; name = en; path = en.lproj/InfoPlist.strings; sourceTree = "<group>"; };
		60D6075E197C42E600A4DE1D /* main.m */ = {isa = PBXFileReference; lastKnownFileType = sourcecode.c.objc; path = main.m; sourceTree = "<group>"; };
		60D60760197C42E600A4DE1D /* Autolayout-Prefix.pch */ = {isa = PBXFileReference; lastKnownFileType = sourcecode.c.h; path = "Autolayout-Prefix.pch"; sourceTree = "<group>"; };
		60D60761197C42E600A4DE1D /* LPAAppDelegate.h */ = {isa = PBXFileReference; lastKnownFileType = sourcecode.c.h; path = LPAAppDelegate.h; sourceTree = "<group>"; };
		60D60762197C42E600A4DE1D /* LPAAppDelegate.m */ = {isa = PBXFileReference; lastKnownFileType = sourcecode.c.objc; path = LPAAppDelegate.m; sourceTree = "<group>"; };
		60D60765197C42E600A4DE1D /* Base */ = {isa = PBXFileReference; lastKnownFileType = file.storyboard; name = Base; path = Base.lproj/Main.storyboard; sourceTree = "<group>"; };
		60D60767197C42E600A4DE1D /* LPAViewController.h */ = {isa = PBXFileReference; lastKnownFileType = sourcecode.c.h; path = LPAViewController.h; sourceTree = "<group>"; };
		60D60768197C42E600A4DE1D /* LPAViewController.m */ = {isa = PBXFileReference; lastKnownFileType = sourcecode.c.objc; path = LPAViewController.m; sourceTree = "<group>"; };
		60D6076A197C42E600A4DE1D /* Images.xcassets */ = {isa = PBXFileReference; lastKnownFileType = folder.assetcatalog; path = Images.xcassets; sourceTree = "<group>"; };
		60D60770197C42E700A4DE1D /* AutolayoutTests.xctest */ = {isa = PBXFileReference; explicitFileType = wrapper.cfbundle; includeInIndex = 0; path = AutolayoutTests.xctest; sourceTree = BUILT_PRODUCTS_DIR; };
		60D60771197C42E700A4DE1D /* XCTest.framework */ = {isa = PBXFileReference; lastKnownFileType = wrapper.framework; name = XCTest.framework; path = Library/Frameworks/XCTest.framework; sourceTree = DEVELOPER_DIR; };
/* End PBXFileReference section */

/* Begin PBXFrameworksBuildPhase section */
		60D6074C197C42E600A4DE1D /* Frameworks */ = {
			isa = PBXFrameworksBuildPhase;
			buildActionMask = 2147483647;
			files = (
				60D60755197C42E600A4DE1D /* CoreGraphics.framework in Frameworks */,
				60D60757197C42E600A4DE1D /* UIKit.framework in Frameworks */,
				60D60753197C42E600A4DE1D /* Foundation.framework in Frameworks */,
			);
			runOnlyForDeploymentPostprocessing = 0;
		};
		60D6076D197C42E700A4DE1D /* Frameworks */ = {
			isa = PBXFrameworksBuildPhase;
			buildActionMask = 2147483647;
			files = (
				60D60772197C42E700A4DE1D /* XCTest.framework in Frameworks */,
				60D60774197C42E700A4DE1D /* UIKit.framework in Frameworks */,
				60D60773197C42E700A4DE1D /* Foundation.framework in Frameworks */,
			);
			runOnlyForDeploymentPostprocessing = 0;
		};
/* End PBXFrameworksBuildPhase section */

/* Begin PBXGroup section */
		60D60746197C42E600A4DE1D = {
			isa = PBXGroup;
			children = (
				60D60758197C42E600A4DE1D /* Autolayout */,
				60D60751197C42E600A4DE1D /* Frameworks */,
				60D60750197C42E600A4DE1D /* Products */,
			);
			sourceTree = "<group>";
		};
		60D60750197C42E600A4DE1D /* Products */ = {
			isa = PBXGroup;
			children = (
				60D6074F197C42E600A4DE1D /* Autolayout.app */,
				60D60770197C42E700A4DE1D /* AutolayoutTests.xctest */,
			);
			name = Products;
			sourceTree = "<group>";
		};
		60D60751197C42E600A4DE1D /* Frameworks */ = {
			isa = PBXGroup;
			children = (
				60D60752197C42E600A4DE1D /* Foundation.framework */,
				60D60754197C42E600A4DE1D /* CoreGraphics.framework */,
				60D60756197C42E600A4DE1D /* UIKit.framework */,
				60D60771197C42E700A4DE1D /* XCTest.framework */,
			);
			name = Frameworks;
			sourceTree = "<group>";
		};
		60D60758197C42E600A4DE1D /* Autolayout */ = {
			isa = PBXGroup;
			children = (
				60D60761197C42E600A4DE1D /* LPAAppDelegate.h */,
				60D60762197C42E600A4DE1D /* LPAAppDelegate.m */,
				60D60764197C42E600A4DE1D /* Main.storyboard */,
				60D60767197C42E600A4DE1D /* LPAViewController.h */,
				60D60768197C42E600A4DE1D /* LPAViewController.m */,
				60D6076A197C42E600A4DE1D /* Images.xcassets */,
				60D60759197C42E600A4DE1D /* Supporting Files */,
			);
			path = Autolayout;
			sourceTree = "<group>";
		};
		60D60759197C42E600A4DE1D /* Supporting Files */ = {
			isa = PBXGroup;
			children = (
				60D6075A197C42E600A4DE1D /* Autolayout-Info.plist */,
				60D6075B197C42E600A4DE1D /* InfoPlist.strings */,
				60D6075E197C42E600A4DE1D /* main.m */,
				60D60760197C42E600A4DE1D /* Autolayout-Prefix.pch */,
			);
			name = "Supporting Files";
			sourceTree = "<group>";
		};
/* End PBXGroup section */

/* Begin PBXNativeTarget section */
		60D6074E197C42E600A4DE1D /* Autolayout */ = {
			isa = PBXNativeTarget;
			buildConfigurationList = 60D60781197C42E700A4DE1D /* Build configuration list for PBXNativeTarget "Autolayout" */;
			buildPhases = (
				60D6074B197C42E600A4DE1D /* Sources */,
				60D6074C197C42E600A4DE1D /* Frameworks */,
				60D6074D197C42E600A4DE1D /* Resources */,
			);
			buildRules = (
			);
			dependencies = (
			);
			name = Autolayout;
			productName = Autolayout;
			productReference = 60D6074F197C42E600A4DE1D /* Autolayout.app */;
			productType = "com.apple.product-type.application";
		};
		60D6076F197C42E700A4DE1D /* AutolayoutTests */ = {
			isa = PBXNativeTarget;
			buildConfigurationList = 60D60784197C42E700A4DE1D /* Build configuration list for PBXNativeTarget "AutolayoutTests" */;
			buildPhases = (
				60D6076C197C42E700A4DE1D /* Sources */,
				60D6076D197C42E700A4DE1D /* Frameworks */,
				60D6076E197C42E700A4DE1D /* Resources */,
			);
			buildRules = (
			);
			dependencies = (
				60D60776197C42E700A4DE1D /* PBXTargetDependency */,
			);
			name = AutolayoutTests;
			productName = AutolayoutTests;
			productReference = 60D60770197C42E700A4DE1D /* AutolayoutTests.xctest */;
			productType = "com.apple.product-type.bundle.unit-test";
		};
/* End PBXNativeTarget section */

/* Begin PBXProject section */
		60D60747197C42E600A4DE1D /* Project object */ = {
			isa = PBXProject;
			attributes = {
				CLASSPREFIX = LPA;
				LastUpgradeCheck = 0510;
				ORGANIZATIONNAME = "Lighthouse Labs";
				TargetAttributes = {
					60D6076F197C42E700A4DE1D = {
						TestTargetID = 60D6074E197C42E600A4DE1D;
					};
				};
			};
			buildConfigurationList = 60D6074A197C42E600A4DE1D /* Build configuration list for PBXProject "Autolayout" */;
			compatibilityVersion = "Xcode 3.2";
			developmentRegion = English;
			hasScannedForEncodings = 0;
			knownRegions = (
				en,
				Base,
			);
			mainGroup = 60D60746197C42E600A4DE1D;
			productRefGroup = 60D60750197C42E600A4DE1D /* Products */;
			projectDirPath = "";
			projectRoot = "";
			targets = (
				60D6074E197C42E600A4DE1D /* Autolayout */,
				60D6076F197C42E700A4DE1D /* AutolayoutTests */,
			);
		};
/* End PBXProject section */

/* Begin PBXResourcesBuildPhase section */
		60D6074D197C42E600A4DE1D /* Resources */ = {
			isa = PBXResourcesBuildPhase;
			buildActionMask = 2147483647;
			files = (
				60D6076B197C42E600A4DE1D /* Images.xcassets in Resources */,
				60D6075D197C42E600A4DE1D /* InfoPlist.strings in Resources */,
				60D60766197C42E600A4DE1D /* Main.storyboard in Resources */,
			);
			runOnlyForDeploymentPostprocessing = 0;
		};
		60D6076E197C42E700A4DE1D /* Resources */ = {
			isa = PBXResourcesBuildPhase;
			buildActionMask = 2147483647;
			files = (
			);
			runOnlyForDeploymentPostprocessing = 0;
		};
/* End PBXResourcesBuildPhase section */

/* Begin PBXSourcesBuildPhase section */
		60D6074B197C42E600A4DE1D /* Sources */ = {
			isa = PBXSourcesBuildPhase;
			buildActionMask = 2147483647;
			files = (
				60D60763197C42E600A4DE1D /* LPAAppDelegate.m in Sources */,
				60D6075F197C42E600A4DE1D /* main.m in Sources */,
				60D60769197C42E600A4DE1D /* LPAViewController.m in Sources */,
			);
			runOnlyForDeploymentPostprocessing = 0;
		};
		60D6076C197C42E700A4DE1D /* Sources */ = {
			isa = PBXSourcesBuildPhase;
			buildActionMask = 2147483647;
			files = (
			);
			runOnlyForDeploymentPostprocessing = 0;
		};
/* End PBXSourcesBuildPhase section */

/* Begin PBXTargetDependency section */
		60D60776197C42E700A4DE1D /* PBXTargetDependency */ = {
			isa = PBXTargetDependency;
			target = 60D6074E197C42E600A4DE1D /* Autolayout */;
			targetProxy = 60D60775197C42E700A4DE1D /* PBXContainerItemProxy */;
		};
/* End PBXTargetDependency section */

/* Begin PBXVariantGroup section */
		60D6075B197C42E600A4DE1D /* InfoPlist.strings */ = {
			isa = PBXVariantGroup;
			children = (
				60D6075C197C42E600A4DE1D /* en */,
			);
			name = InfoPlist.strings;
			sourceTree = "<group>";
		};
		60D60764197C42E600A4DE1D /* Main.storyboard */ = {
			isa = PBXVariantGroup;
			children = (
				60D60765197C42E600A4DE1D /* Base */,
			);
			name = Main.storyboard;
			sourceTree = "<group>";
		};
/* End PBXVariantGroup section */

/* Begin XCBuildConfiguration section */
		60D6077F197C42E700A4DE1D /* Debug */ = {
			isa = XCBuildConfiguration;
			buildSettings = {
				ALWAYS_SEARCH_USER_PATHS = NO;
				CLANG_CXX_LANGUAGE_STANDARD = "gnu++0x";
				CLANG_CXX_LIBRARY = "libc++";
				CLANG_ENABLE_MODULES = YES;
				CLANG_ENABLE_OBJC_ARC = YES;
				CLANG_WARN_BOOL_CONVERSION = YES;
				CLANG_WARN_CONSTANT_CONVERSION = YES;
				CLANG_WARN_DIRECT_OBJC_ISA_USAGE = YES_ERROR;
				CLANG_WARN_EMPTY_BODY = YES;
				CLANG_WARN_ENUM_CONVERSION = YES;
				CLANG_WARN_INT_CONVERSION = YES;
				CLANG_WARN_OBJC_ROOT_CLASS = YES_ERROR;
				CLANG_WARN__DUPLICATE_METHOD_MATCH = YES;
				"CODE_SIGN_IDENTITY[sdk=iphoneos*]" = "iPhone Developer";
				COPY_PHASE_STRIP = NO;
				GCC_C_LANGUAGE_STANDARD = gnu99;
				GCC_DYNAMIC_NO_PIC = NO;
				GCC_OPTIMIZATION_LEVEL = 0;
				GCC_PREPROCESSOR_DEFINITIONS = (
					"DEBUG=1",
					"$(inherited)",
				);
				GCC_SYMBOLS_PRIVATE_EXTERN = NO;
				GCC_WARN_64_TO_32_BIT_CONVERSION = YES;
				GCC_WARN_ABOUT_RETURN_TYPE = YES_ERROR;
				GCC_WARN_UNDECLARED_SELECTOR = YES;
				GCC_WARN_UNINITIALIZED_AUTOS = YES_AGGRESSIVE;
				GCC_WARN_UNUSED_FUNCTION = YES;
				GCC_WARN_UNUSED_VARIABLE = YES;
				IPHONEOS_DEPLOYMENT_TARGET = 7.1;
				ONLY_ACTIVE_ARCH = YES;
				SDKROOT = iphoneos;
				TARGETED_DEVICE_FAMILY = 2;
			};
			name = Debug;
		};
		60D60780197C42E700A4DE1D /* Release */ = {
			isa = XCBuildConfiguration;
			buildSettings = {
				ALWAYS_SEARCH_USER_PATHS = NO;
				CLANG_CXX_LANGUAGE_STANDARD = "gnu++0x";
				CLANG_CXX_LIBRARY = "libc++";
				CLANG_ENABLE_MODULES = YES;
				CLANG_ENABLE_OBJC_ARC = YES;
				CLANG_WARN_BOOL_CONVERSION = YES;
				CLANG_WARN_CONSTANT_CONVERSION = YES;
				CLANG_WARN_DIRECT_OBJC_ISA_USAGE = YES_ERROR;
				CLANG_WARN_EMPTY_BODY = YES;
				CLANG_WARN_ENUM_CONVERSION = YES;
				CLANG_WARN_INT_CONVERSION = YES;
				CLANG_WARN_OBJC_ROOT_CLASS = YES_ERROR;
				CLANG_WARN__DUPLICATE_METHOD_MATCH = YES;
				"CODE_SIGN_IDENTITY[sdk=iphoneos*]" = "iPhone Developer";
				COPY_PHASE_STRIP = YES;
				ENABLE_NS_ASSERTIONS = NO;
				GCC_C_LANGUAGE_STANDARD = gnu99;
				GCC_WARN_64_TO_32_BIT_CONVERSION = YES;
				GCC_WARN_ABOUT_RETURN_TYPE = YES_ERROR;
				GCC_WARN_UNDECLARED_SELECTOR = YES;
				GCC_WARN_UNINITIALIZED_AUTOS = YES_AGGRESSIVE;
				GCC_WARN_UNUSED_FUNCTION = YES;
				GCC_WARN_UNUSED_VARIABLE = YES;
				IPHONEOS_DEPLOYMENT_TARGET = 7.1;
				SDKROOT = iphoneos;
				TARGETED_DEVICE_FAMILY = 2;
				VALIDATE_PRODUCT = YES;
			};
			name = Release;
		};
		60D60782197C42E700A4DE1D /* Debug */ = {
			isa = XCBuildConfiguration;
			buildSettings = {
				ASSETCATALOG_COMPILER_APPICON_NAME = AppIcon;
				ASSETCATALOG_COMPILER_LAUNCHIMAGE_NAME = LaunchImage;
				GCC_PRECOMPILE_PREFIX_HEADER = YES;
				GCC_PREFIX_HEADER = "Autolayout/Autolayout-Prefix.pch";
				INFOPLIST_FILE = "Autolayout/Autolayout-Info.plist";
				PRODUCT_NAME = "$(TARGET_NAME)";
				WRAPPER_EXTENSION = app;
			};
			name = Debug;
		};
		60D60783197C42E700A4DE1D /* Release */ = {
			isa = XCBuildConfiguration;
			buildSettings = {
				ASSETCATALOG_COMPILER_APPICON_NAME = AppIcon;
				ASSETCATALOG_COMPILER_LAUNCHIMAGE_NAME = LaunchImage;
				GCC_PRECOMPILE_PREFIX_HEADER = YES;
				GCC_PREFIX_HEADER = "Autolayout/Autolayout-Prefix.pch";
				INFOPLIST_FILE = "Autolayout/Autolayout-Info.plist";
				PRODUCT_NAME = "$(TARGET_NAME)";
				WRAPPER_EXTENSION = app;
			};
			name = Release;
		};
		60D60785197C42E700A4DE1D /* Debug */ = {
			isa = XCBuildConfiguration;
			buildSettings = {
				BUNDLE_LOADER = "$(BUILT_PRODUCTS_DIR)/Autolayout.app/Autolayout";
				FRAMEWORK_SEARCH_PATHS = (
					"$(SDKROOT)/Developer/Library/Frameworks",
					"$(inherited)",
					"$(DEVELOPER_FRAMEWORKS_DIR)",
				);
				GCC_PRECOMPILE_PREFIX_HEADER = YES;
				GCC_PREFIX_HEADER = "Autolayout/Autolayout-Prefix.pch";
				GCC_PREPROCESSOR_DEFINITIONS = (
					"DEBUG=1",
					"$(inherited)",
				);
				INFOPLIST_FILE = "";
				PRODUCT_NAME = "$(TARGET_NAME)";
				TEST_HOST = "$(BUNDLE_LOADER)";
				WRAPPER_EXTENSION = xctest;
			};
			name = Debug;
		};
		60D60786197C42E700A4DE1D /* Release */ = {
			isa = XCBuildConfiguration;
			buildSettings = {
				BUNDLE_LOADER = "$(BUILT_PRODUCTS_DIR)/Autolayout.app/Autolayout";
				FRAMEWORK_SEARCH_PATHS = (
					"$(SDKROOT)/Developer/Library/Frameworks",
					"$(inherited)",
					"$(DEVELOPER_FRAMEWORKS_DIR)",
				);
				GCC_PRECOMPILE_PREFIX_HEADER = YES;
				GCC_PREFIX_HEADER = "Autolayout/Autolayout-Prefix.pch";
				INFOPLIST_FILE = "";
				PRODUCT_NAME = "$(TARGET_NAME)";
				TEST_HOST = "$(BUNDLE_LOADER)";
				WRAPPER_EXTENSION = xctest;
			};
			name = Release;
		};
/* End XCBuildConfiguration section */

/* Begin XCConfigurationList section */
		60D6074A197C42E600A4DE1D /* Build configuration list for PBXProject "Autolayout" */ = {
			isa = XCConfigurationList;
			buildConfigurations = (
				60D6077F197C42E700A4DE1D /* Debug */,
				60D60780197C42E700A4DE1D /* Release */,
			);
			defaultConfigurationIsVisible = 0;
			defaultConfigurationName = Release;
		};
		60D60781197C42E700A4DE1D /* Build configuration list for PBXNativeTarget "Autolayout" */ = {
			isa = XCConfigurationList;
			buildConfigurations = (
				60D60782197C42E700A4DE1D /* Debug */,
				60D60783197C42E700A4DE1D /* Release */,
			);
			defaultConfigurationIsVisible = 0;
			defaultConfigurationName = Release;
		};
		60D60784197C42E700A4DE1D /* Build configuration list for PBXNativeTarget "AutolayoutTests" */ = {
			isa = XCConfigurationList;
			buildConfigurations = (
				60D60785197C42E700A4DE1D /* Debug */,
				60D60786197C42E700A4DE1D /* Release */,
			);
			defaultConfigurationIsVisible = 0;
			defaultConfigurationName = Release;
		};
/* End XCConfigurationList section */
	};
	rootObject = 60D60747197C42E600A4DE1D /* Project object */;
}
